
Microsoft Visual Studio Solution File, Format Version 12.00
# Visual Studio Version 17
VisualStudioVersion = 17.1.32319.34
MinimumVisualStudioVersion = 10.0.40219.1
Project("{FAE04EC0-301F-11D3-BF4B-00C04F79EFBC}") = "NuxtAPI", "NuxtAPI.csproj", "{72137A3D-2589-4618-AEFB-1428A2CA8DE1}"
EndProject
Global
	GlobalSection(SolutionConfigurationPlatforms) = preSolution
		Debug|Any CPU = Debug|Any CPU
		Release|Any CPU = Release|Any CPU
	EndGlobalSection
	GlobalSection(ProjectConfigurationPlatforms) = postSolution
		{72137A3D-2589-4618-AEFB-1428A2CA8DE1}.Debug|Any CPU.ActiveCfg = Debug|Any CPU
		{72137A3D-2589-4618-AEFB-1428A2CA8DE1}.Debug|Any CPU.Build.0 = Debug|Any CPU
		{72137A3D-2589-4618-AEFB-1428A2CA8DE1}.Release|Any CPU.ActiveCfg = Release|Any CPU
		{72137A3D-2589-4618-AEFB-1428A2CA8DE1}.Release|Any CPU.Build.0 = Release|Any CPU
	EndGlobalSection
	GlobalSection(SolutionProperties) = preSolution
		HideSolutionNode = FALSE
	EndGlobalSection
	GlobalSection(ExtensibilityGlobals) = postSolution
		SolutionGuid = {1F864221-3B6F-4A87-BD38-CB8F8CE2592C}
	EndGlobalSection
EndGlobal
